// !$*UTF8*$!
{
	archiveVersion = 1;
	classes = {
	};
	objectVersion = 46;
	objects = {

/* Begin PBXBuildFile section */
		CB138E3F189E6DCE00086948 /* Foundation.framework in Frameworks */ = {isa = PBXBuildFile; fileRef = CB138E3E189E6DCE00086948 /* Foundation.framework */; };
		CB138E41189E6DCE00086948 /* CoreGraphics.framework in Frameworks */ = {isa = PBXBuildFile; fileRef = CB138E40189E6DCE00086948 /* CoreGraphics.framework */; };
		CB138E43189E6DCE00086948 /* UIKit.framework in Frameworks */ = {isa = PBXBuildFile; fileRef = CB138E42189E6DCE00086948 /* UIKit.framework */; };
		CB138E88189E786800086948 /* AppDelegate.m in Sources */ = {isa = PBXBuildFile; fileRef = CB138E7D189E786800086948 /* AppDelegate.m */; };
		CB138E8A189E786800086948 /* RootViewController.m in Sources */ = {isa = PBXBuildFile; fileRef = CB138E82189E786800086948 /* RootViewController.m */; };
		CB138E8B189E786800086948 /* RootViewController.xib in Resources */ = {isa = PBXBuildFile; fileRef = CB138E83189E786800086948 /* RootViewController.xib */; };
		CB138E8D189E786800086948 /* Images.xcassets in Resources */ = {isa = PBXBuildFile; fileRef = CB138E86189E786800086948 /* Images.xcassets */; };
		CB138E8E189E786800086948 /* main.m in Sources */ = {isa = PBXBuildFile; fileRef = CB138E87189E786800086948 /* main.m */; };
		CB138E9B189E82DC00086948 /* ANLanguageManager.m in Sources */ = {isa = PBXBuildFile; fileRef = CB138E9A189E82DC00086948 /* ANLanguageManager.m */; };
		CB138EF4189E964800086948 /* Localizable.strings in Resources */ = {isa = PBXBuildFile; fileRef = CB138EF6189E964800086948 /* Localizable.strings */; };
/* End PBXBuildFile section */

/* Begin PBXFileReference section */
		CB138E3B189E6DCE00086948 /* Basic Example.app */ = {isa = PBXFileReference; explicitFileType = wrapper.application; includeInIndex = 0; path = "Basic Example.app"; sourceTree = BUILT_PRODUCTS_DIR; };
		CB138E3E189E6DCE00086948 /* Foundation.framework */ = {isa = PBXFileReference; lastKnownFileType = wrapper.framework; name = Foundation.framework; path = System/Library/Frameworks/Foundation.framework; sourceTree = SDKROOT; };
		CB138E40189E6DCE00086948 /* CoreGraphics.framework */ = {isa = PBXFileReference; lastKnownFileType = wrapper.framework; name = CoreGraphics.framework; path = System/Library/Frameworks/CoreGraphics.framework; sourceTree = SDKROOT; };
		CB138E42189E6DCE00086948 /* UIKit.framework */ = {isa = PBXFileReference; lastKnownFileType = wrapper.framework; name = UIKit.framework; path = System/Library/Frameworks/UIKit.framework; sourceTree = SDKROOT; };
		CB138E57189E6DCE00086948 /* XCTest.framework */ = {isa = PBXFileReference; lastKnownFileType = wrapper.framework; name = XCTest.framework; path = Library/Frameworks/XCTest.framework; sourceTree = DEVELOPER_DIR; };
		CB138E7C189E786800086948 /* AppDelegate.h */ = {isa = PBXFileReference; fileEncoding = 4; lastKnownFileType = sourcecode.c.h; path = AppDelegate.h; sourceTree = "<group>"; };
		CB138E7D189E786800086948 /* AppDelegate.m */ = {isa = PBXFileReference; fileEncoding = 4; lastKnownFileType = sourcecode.c.objc; path = AppDelegate.m; sourceTree = "<group>"; };
		CB138E7F189E786800086948 /* Basic Example-Prefix.pch */ = {isa = PBXFileReference; fileEncoding = 4; lastKnownFileType = sourcecode.c.h; path = "Basic Example-Prefix.pch"; sourceTree = "<group>"; };
		CB138E81189E786800086948 /* RootViewController.h */ = {isa = PBXFileReference; fileEncoding = 4; lastKnownFileType = sourcecode.c.h; path = RootViewController.h; sourceTree = "<group>"; };
		CB138E82189E786800086948 /* RootViewController.m */ = {isa = PBXFileReference; fileEncoding = 4; lastKnownFileType = sourcecode.c.objc; path = RootViewController.m; sourceTree = "<group>"; };
		CB138E83189E786800086948 /* RootViewController.xib */ = {isa = PBXFileReference; fileEncoding = 4; lastKnownFileType = file.xib; path = RootViewController.xib; sourceTree = "<group>"; };
		CB138E86189E786800086948 /* Images.xcassets */ = {isa = PBXFileReference; lastKnownFileType = folder.assetcatalog; path = Images.xcassets; sourceTree = "<group>"; };
		CB138E87189E786800086948 /* main.m */ = {isa = PBXFileReference; fileEncoding = 4; lastKnownFileType = sourcecode.c.objc; path = main.m; sourceTree = "<group>"; };
		CB138E96189E7E7000086948 /* Basic Example-Info.plist */ = {isa = PBXFileReference; fileEncoding = 4; lastKnownFileType = text.plist.xml; path = "Basic Example-Info.plist"; sourceTree = "<group>"; };
		CB138E99189E82DC00086948 /* ANLanguageManager.h */ = {isa = PBXFileReference; fileEncoding = 4; lastKnownFileType = sourcecode.c.h; path = ANLanguageManager.h; sourceTree = "<group>"; };
		CB138E9A189E82DC00086948 /* ANLanguageManager.m */ = {isa = PBXFileReference; fileEncoding = 4; lastKnownFileType = sourcecode.c.objc; path = ANLanguageManager.m; sourceTree = "<group>"; };
		CB138EF5189E964800086948 /* en */ = {isa = PBXFileReference; lastKnownFileType = file; name = en; path = en.lproj/Localizable.strings; sourceTree = "<group>"; };
		CB138EF7189E965200086948 /* ru */ = {isa = PBXFileReference; lastKnownFileType = file; name = ru; path = ru.lproj/Localizable.strings; sourceTree = "<group>"; };
/* End PBXFileReference section */

/* Begin PBXFrameworksBuildPhase section */
		CB138E38189E6DCE00086948 /* Frameworks */ = {
			isa = PBXFrameworksBuildPhase;
			buildActionMask = 2147483647;
			files = (
				CB138E41189E6DCE00086948 /* CoreGraphics.framework in Frameworks */,
				CB138E43189E6DCE00086948 /* UIKit.framework in Frameworks */,
				CB138E3F189E6DCE00086948 /* Foundation.framework in Frameworks */,
			);
			runOnlyForDeploymentPostprocessing = 0;
		};
/* End PBXFrameworksBuildPhase section */

/* Begin PBXGroup section */
		CB138E32189E6DCE00086948 = {
			isa = PBXGroup;
			children = (
				CB138E7B189E786800086948 /* Basic Example */,
				CB138E3D189E6DCE00086948 /* Frameworks */,
				CB138E3C189E6DCE00086948 /* Products */,
				CB138E90189E78BE00086948 /* Vendor */,
			);
			sourceTree = "<group>";
		};
		CB138E3C189E6DCE00086948 /* Products */ = {
			isa = PBXGroup;
			children = (
				CB138E3B189E6DCE00086948 /* Basic Example.app */,
			);
			name = Products;
			sourceTree = "<group>";
		};
		CB138E3D189E6DCE00086948 /* Frameworks */ = {
			isa = PBXGroup;
			children = (
				CB138E3E189E6DCE00086948 /* Foundation.framework */,
				CB138E40189E6DCE00086948 /* CoreGraphics.framework */,
				CB138E42189E6DCE00086948 /* UIKit.framework */,
				CB138E57189E6DCE00086948 /* XCTest.framework */,
			);
			name = Frameworks;
			sourceTree = "<group>";
		};
		CB138E7B189E786800086948 /* Basic Example */ = {
			isa = PBXGroup;
			children = (
				CB138E7C189E786800086948 /* AppDelegate.h */,
				CB138E7D189E786800086948 /* AppDelegate.m */,
				CB138E80189E786800086948 /* Controllers */,
				CB138EF1189E95EE00086948 /* Resources */,
				CB138E95189E7CF900086948 /* Supporting Files */,
				CB138E86189E786800086948 /* Images.xcassets */,
			);
			path = "Basic Example";
			sourceTree = "<group>";
		};
		CB138E80189E786800086948 /* Controllers */ = {
			isa = PBXGroup;
			children = (
				CB138E81189E786800086948 /* RootViewController.h */,
				CB138E82189E786800086948 /* RootViewController.m */,
				CB138E83189E786800086948 /* RootViewController.xib */,
			);
			path = Controllers;
			sourceTree = "<group>";
		};
		CB138E90189E78BE00086948 /* Vendor */ = {
			isa = PBXGroup;
			children = (
				CB138E98189E82DC00086948 /* ANLanguageManager */,
			);
			name = Vendor;
			sourceTree = "<group>";
		};
		CB138E95189E7CF900086948 /* Supporting Files */ = {
			isa = PBXGroup;
			children = (
				CB138E87189E786800086948 /* main.m */,
				CB138E7F189E786800086948 /* Basic Example-Prefix.pch */,
				CB138E96189E7E7000086948 /* Basic Example-Info.plist */,
			);
			name = "Supporting Files";
			sourceTree = "<group>";
		};
		CB138E98189E82DC00086948 /* ANLanguageManager */ = {
			isa = PBXGroup;
			children = (
				CB138E99189E82DC00086948 /* ANLanguageManager.h */,
				CB138E9A189E82DC00086948 /* ANLanguageManager.m */,
			);
			name = ANLanguageManager;
			path = ../../ANLanguageManager;
			sourceTree = "<group>";
		};
		CB138EF1189E95EE00086948 /* Resources */ = {
			isa = PBXGroup;
			children = (
				CB138EF6189E964800086948 /* Localizable.strings */,
			);
			path = Resources;
			sourceTree = "<group>";
		};
/* End PBXGroup section */

/* Begin PBXNativeTarget section */
		CB138E3A189E6DCE00086948 /* Basic Example */ = {
			isa = PBXNativeTarget;
			buildConfigurationList = CB138E67189E6DCE00086948 /* Build configuration list for PBXNativeTarget "Basic Example" */;
			buildPhases = (
				CB138E37189E6DCE00086948 /* Sources */,
				CB138E38189E6DCE00086948 /* Frameworks */,
				CB138E39189E6DCE00086948 /* Resources */,
			);
			buildRules = (
			);
			dependencies = (
			);
			name = "Basic Example";
			productName = "Basic Example";
			productReference = CB138E3B189E6DCE00086948 /* Basic Example.app */;
			productType = "com.apple.product-type.application";
		};
/* End PBXNativeTarget section */

/* Begin PBXProject section */
		CB138E33189E6DCE00086948 /* Project object */ = {
			isa = PBXProject;
			attributes = {
				CLASSPREFIX = "";
				LastUpgradeCheck = 0500;
				ORGANIZATIONNAME = "antrix1989@gmail.com";
			};
			buildConfigurationList = CB138E36189E6DCE00086948 /* Build configuration list for PBXProject "Basic Example" */;
			compatibilityVersion = "Xcode 3.2";
			developmentRegion = English;
			hasScannedForEncodings = 0;
			knownRegions = (
				en,
				ru,
			);
			mainGroup = CB138E32189E6DCE00086948;
			productRefGroup = CB138E3C189E6DCE00086948 /* Products */;
			projectDirPath = "";
			projectRoot = "";
			targets = (
				CB138E3A189E6DCE00086948 /* Basic Example */,
			);
		};
/* End PBXProject section */

/* Begin PBXResourcesBuildPhase section */
		CB138E39189E6DCE00086948 /* Resources */ = {
			isa = PBXResourcesBuildPhase;
			buildActionMask = 2147483647;
			files = (
				CB138E8B189E786800086948 /* RootViewController.xib in Resources */,
				CB138EF4189E964800086948 /* Localizable.strings in Resources */,
				CB138E8D189E786800086948 /* Images.xcassets in Resources */,
			);
			runOnlyForDeploymentPostprocessing = 0;
		};
/* End PBXResourcesBuildPhase section */

/* Begin PBXSourcesBuildPhase section */
		CB138E37189E6DCE00086948 /* Sources */ = {
			isa = PBXSourcesBuildPhase;
			buildActionMask = 2147483647;
			files = (
				CB138E9B189E82DC00086948 /* ANLanguageManager.m in Sources */,
				CB138E8A189E786800086948 /* RootViewController.m in Sources */,
				CB138E8E189E786800086948 /* main.m in Sources */,
				CB138E88189E786800086948 /* AppDelegate.m in Sources */,
			);
			runOnlyForDeploymentPostprocessing = 0;
		};
/* End PBXSourcesBuildPhase section */

/* Begin PBXVariantGroup section */
		CB138EF6189E964800086948 /* Localizable.strings */ = {
			isa = PBXVariantGroup;
			children = (
				CB138EF5189E964800086948 /* en */,
				CB138EF7189E965200086948 /* ru */,
			);
			name = Localizable.strings;
			sourceTree = "<group>";
		};
/* End PBXVariantGroup section */

/* Begin XCBuildConfiguration section */
		CB138E65189E6DCE00086948 /* Debug */ = {
			isa = XCBuildConfiguration;
			buildSettings = {
				ALWAYS_SEARCH_USER_PATHS = NO;
				ARCHS = "$(ARCHS_STANDARD_INCLUDING_64_BIT)";
				CLANG_CXX_LANGUAGE_STANDARD = "gnu++0x";
				CLANG_CXX_LIBRARY = "libc++";
				CLANG_ENABLE_MODULES = YES;
				CLANG_ENABLE_OBJC_ARC = YES;
				CLANG_WARN_BOOL_CONVERSION = YES;
				CLANG_WARN_CONSTANT_CONVERSION = YES;
				CLANG_WARN_DIRECT_OBJC_ISA_USAGE = YES_ERROR;
				CLANG_WARN_EMPTY_BODY = YES;
				CLANG_WARN_ENUM_CONVERSION = YES;
				CLANG_WARN_INT_CONVERSION = YES;
				CLANG_WARN_OBJC_ROOT_CLASS = YES_ERROR;
				CLANG_WARN__DUPLICATE_METHOD_MATCH = YES;
				"CODE_SIGN_IDENTITY[sdk=iphoneos*]" = "iPhone Developer";
				COPY_PHASE_STRIP = NO;
				GCC_C_LANGUAGE_STANDARD = gnu99;
				GCC_DYNAMIC_NO_PIC = NO;
				GCC_OPTIMIZATION_LEVEL = 0;
				GCC_PREPROCESSOR_DEFINITIONS = (
					"DEBUG=1",
					"$(inherited)",
				);
				GCC_SYMBOLS_PRIVATE_EXTERN = NO;
				GCC_WARN_64_TO_32_BIT_CONVERSION = YES;
				GCC_WARN_ABOUT_RETURN_TYPE = YES_ERROR;
				GCC_WARN_UNDECLARED_SELECTOR = YES;
				GCC_WARN_UNINITIALIZED_AUTOS = YES;
				GCC_WARN_UNUSED_FUNCTION = YES;
				GCC_WARN_UNUSED_VARIABLE = YES;
				IPHONEOS_DEPLOYMENT_TARGET = 7.0;
				ONLY_ACTIVE_ARCH = YES;
				SDKROOT = iphoneos;
			};
			name = Debug;
		};
		CB138E66189E6DCE00086948 /* Release */ = {
			isa = XCBuildConfiguration;
			buildSettings = {
				ALWAYS_SEARCH_USER_PATHS = NO;
				ARCHS = "$(ARCHS_STANDARD_INCLUDING_64_BIT)";
				CLANG_CXX_LANGUAGE_STANDARD = "gnu++0x";
				CLANG_CXX_LIBRARY = "libc++";
				CLANG_ENABLE_MODULES = YES;
				CLANG_ENABLE_OBJC_ARC = YES;
				CLANG_WARN_BOOL_CONVERSION = YES;
				CLANG_WARN_CONSTANT_CONVERSION = YES;
				CLANG_WARN_DIRECT_OBJC_ISA_USAGE = YES_ERROR;
				CLANG_WARN_EMPTY_BODY = YES;
				CLANG_WARN_ENUM_CONVERSION = YES;
				CLANG_WARN_INT_CONVERSION = YES;
				CLANG_WARN_OBJC_ROOT_CLASS = YES_ERROR;
				CLANG_WARN__DUPLICATE_METHOD_MATCH = YES;
				"CODE_SIGN_IDENTITY[sdk=iphoneos*]" = "iPhone Developer";
				COPY_PHASE_STRIP = YES;
				ENABLE_NS_ASSERTIONS = NO;
				GCC_C_LANGUAGE_STANDARD = gnu99;
				GCC_WARN_64_TO_32_BIT_CONVERSION = YES;
				GCC_WARN_ABOUT_RETURN_TYPE = YES_ERROR;
				GCC_WARN_UNDECLARED_SELECTOR = YES;
				GCC_WARN_UNINITIALIZED_AUTOS = YES;
				GCC_WARN_UNUSED_FUNCTION = YES;
				GCC_WARN_UNUSED_VARIABLE = YES;
				IPHONEOS_DEPLOYMENT_TARGET = 7.0;
				SDKROOT = iphoneos;
				VALIDATE_PRODUCT = YES;
			};
			name = Release;
		};
		CB138E68189E6DCE00086948 /* Debug */ = {
			isa = XCBuildConfiguration;
			buildSettings = {
				ASSETCATALOG_COMPILER_APPICON_NAME = AppIcon;
				ASSETCATALOG_COMPILER_LAUNCHIMAGE_NAME = LaunchImage;
				GCC_PRECOMPILE_PREFIX_HEADER = YES;
				GCC_PREFIX_HEADER = "Basic Example/Basic Example-Prefix.pch";
				INFOPLIST_FILE = "Basic Example/Basic Example-Info.plist";
				PRODUCT_NAME = "$(TARGET_NAME)";
				WRAPPER_EXTENSION = app;
			};
			name = Debug;
		};
		CB138E69189E6DCE00086948 /* Release */ = {
			isa = XCBuildConfiguration;
			buildSettings = {
				ASSETCATALOG_COMPILER_APPICON_NAME = AppIcon;
				ASSETCATALOG_COMPILER_LAUNCHIMAGE_NAME = LaunchImage;
				GCC_PRECOMPILE_PREFIX_HEADER = YES;
				GCC_PREFIX_HEADER = "Basic Example/Basic Example-Prefix.pch";
				INFOPLIST_FILE = "Basic Example/Basic Example-Info.plist";
				PRODUCT_NAME = "$(TARGET_NAME)";
				WRAPPER_EXTENSION = app;
			};
			name = Release;
		};
/* End XCBuildConfiguration section */

/* Begin XCConfigurationList section */
		CB138E36189E6DCE00086948 /* Build configuration list for PBXProject "Basic Example" */ = {
			isa = XCConfigurationList;
			buildConfigurations = (
				CB138E65189E6DCE00086948 /* Debug */,
				CB138E66189E6DCE00086948 /* Release */,
			);
			defaultConfigurationIsVisible = 0;
			defaultConfigurationName = Release;
		};
		CB138E67189E6DCE00086948 /* Build configuration list for PBXNativeTarget "Basic Example" */ = {
			isa = XCConfigurationList;
			buildConfigurations = (
				CB138E68189E6DCE00086948 /* Debug */,
				CB138E69189E6DCE00086948 /* Release */,
			);
			defaultConfigurationIsVisible = 0;
			defaultConfigurationName = Release;
		};
/* End XCConfigurationList section */
	};
	rootObject = CB138E33189E6DCE00086948 /* Project object */;
}
